
Microsoft Visual Studio Solution File, Format Version 12.00
# Visual Studio Version 17
VisualStudioVersion = 17.12.35506.116 d17.12
MinimumVisualStudioVersion = 10.0.40219.1
Project("{F2A71F9B-5D33-465A-A702-920D77279786}") = "Day1", "Day1\Day1.fsproj", "{B331E6ED-F3CD-406F-A161-7004669B2DED}"
EndProject
Project("{F2A71F9B-5D33-465A-A702-920D77279786}") = "Day1Part2", "Part2\Day1Part2.fsproj", "{3B2F84C1-B233-486E-AF8D-798BD8051F42}"
EndProject
Project("{F2A71F9B-5D33-465A-A702-920D77279786}") = "Day2", "Day2Part1\Day2.fsproj", "{69B72039-A2EB-48D1-BF20-EE6B6674BD3D}"
EndProject
Project("{F2A71F9B-5D33-465A-A702-920D77279786}") = "Day3", "Day3\Day3.fsproj", "{B4427E8F-E296-4245-8C5D-41026B061D45}"
EndProject
Project("{F2A71F9B-5D33-465A-A702-920D77279786}") = "Day4", "Day4\Day4.fsproj", "{E7A42196-8321-4F96-BFBB-CCA63D3B78A9}"
EndProject
Project("{F2A71F9B-5D33-465A-A702-920D77279786}") = "Day5", "Day5\Day5.fsproj", "{0633B7BA-E496-4800-ABE0-D65E0E893728}"
EndProject
Global
	GlobalSection(SolutionConfigurationPlatforms) = preSolution
		Debug|Any CPU = Debug|Any CPU
		Release|Any CPU = Release|Any CPU
	EndGlobalSection
	GlobalSection(ProjectConfigurationPlatforms) = postSolution
		{B331E6ED-F3CD-406F-A161-7004669B2DED}.Debug|Any CPU.ActiveCfg = Debug|Any CPU
		{B331E6ED-F3CD-406F-A161-7004669B2DED}.Debug|Any CPU.Build.0 = Debug|Any CPU
		{B331E6ED-F3CD-406F-A161-7004669B2DED}.Release|Any CPU.ActiveCfg = Release|Any CPU
		{B331E6ED-F3CD-406F-A161-7004669B2DED}.Release|Any CPU.Build.0 = Release|Any CPU
		{3B2F84C1-B233-486E-AF8D-798BD8051F42}.Debug|Any CPU.ActiveCfg = Debug|Any CPU
		{3B2F84C1-B233-486E-AF8D-798BD8051F42}.Debug|Any CPU.Build.0 = Debug|Any CPU
		{3B2F84C1-B233-486E-AF8D-798BD8051F42}.Release|Any CPU.ActiveCfg = Release|Any CPU
		{3B2F84C1-B233-486E-AF8D-798BD8051F42}.Release|Any CPU.Build.0 = Release|Any CPU
		{69B72039-A2EB-48D1-BF20-EE6B6674BD3D}.Debug|Any CPU.ActiveCfg = Debug|Any CPU
		{69B72039-A2EB-48D1-BF20-EE6B6674BD3D}.Debug|Any CPU.Build.0 = Debug|Any CPU
		{69B72039-A2EB-48D1-BF20-EE6B6674BD3D}.Release|Any CPU.ActiveCfg = Release|Any CPU
		{69B72039-A2EB-48D1-BF20-EE6B6674BD3D}.Release|Any CPU.Build.0 = Release|Any CPU
		{B4427E8F-E296-4245-8C5D-41026B061D45}.Debug|Any CPU.ActiveCfg = Debug|Any CPU
		{B4427E8F-E296-4245-8C5D-41026B061D45}.Debug|Any CPU.Build.0 = Debug|Any CPU
		{B4427E8F-E296-4245-8C5D-41026B061D45}.Release|Any CPU.ActiveCfg = Release|Any CPU
		{B4427E8F-E296-4245-8C5D-41026B061D45}.Release|Any CPU.Build.0 = Release|Any CPU
		{E7A42196-8321-4F96-BFBB-CCA63D3B78A9}.Debug|Any CPU.ActiveCfg = Debug|Any CPU
		{E7A42196-8321-4F96-BFBB-CCA63D3B78A9}.Debug|Any CPU.Build.0 = Debug|Any CPU
		{E7A42196-8321-4F96-BFBB-CCA63D3B78A9}.Release|Any CPU.ActiveCfg = Release|Any CPU
		{E7A42196-8321-4F96-BFBB-CCA63D3B78A9}.Release|Any CPU.Build.0 = Release|Any CPU
		{0633B7BA-E496-4800-ABE0-D65E0E893728}.Debug|Any CPU.ActiveCfg = Debug|Any CPU
		{0633B7BA-E496-4800-ABE0-D65E0E893728}.Debug|Any CPU.Build.0 = Debug|Any CPU
		{0633B7BA-E496-4800-ABE0-D65E0E893728}.Release|Any CPU.ActiveCfg = Release|Any CPU
		{0633B7BA-E496-4800-ABE0-D65E0E893728}.Release|Any CPU.Build.0 = Release|Any CPU
	EndGlobalSection
	GlobalSection(SolutionProperties) = preSolution
		HideSolutionNode = FALSE
	EndGlobalSection
EndGlobal
