
Microsoft Visual Studio Solution File, Format Version 12.00
# Visual Studio Version 17
VisualStudioVersion = 17.12.35506.116 d17.12
MinimumVisualStudioVersion = 10.0.40219.1
Project("{F2A71F9B-5D33-465A-A702-920D77279786}") = "Day1", "Day1\Day1.fsproj", "{B331E6ED-F3CD-406F-A161-7004669B2DED}"
EndProject
Project("{F2A71F9B-5D33-465A-A702-920D77279786}") = "Part2", "Part2\Part2.fsproj", "{3B2F84C1-B233-486E-AF8D-798BD8051F42}"
EndProject
Global
	GlobalSection(SolutionConfigurationPlatforms) = preSolution
		Debug|Any CPU = Debug|Any CPU
		Release|Any CPU = Release|Any CPU
	EndGlobalSection
	GlobalSection(ProjectConfigurationPlatforms) = postSolution
		{B331E6ED-F3CD-406F-A161-7004669B2DED}.Debug|Any CPU.ActiveCfg = Debug|Any CPU
		{B331E6ED-F3CD-406F-A161-7004669B2DED}.Debug|Any CPU.Build.0 = Debug|Any CPU
		{B331E6ED-F3CD-406F-A161-7004669B2DED}.Release|Any CPU.ActiveCfg = Release|Any CPU
		{B331E6ED-F3CD-406F-A161-7004669B2DED}.Release|Any CPU.Build.0 = Release|Any CPU
		{3B2F84C1-B233-486E-AF8D-798BD8051F42}.Debug|Any CPU.ActiveCfg = Debug|Any CPU
		{3B2F84C1-B233-486E-AF8D-798BD8051F42}.Debug|Any CPU.Build.0 = Debug|Any CPU
		{3B2F84C1-B233-486E-AF8D-798BD8051F42}.Release|Any CPU.ActiveCfg = Release|Any CPU
		{3B2F84C1-B233-486E-AF8D-798BD8051F42}.Release|Any CPU.Build.0 = Release|Any CPU
	EndGlobalSection
	GlobalSection(SolutionProperties) = preSolution
		HideSolutionNode = FALSE
	EndGlobalSection
EndGlobal
